// !$*UTF8*$!
{
	archiveVersion = 1;
	classes = {
	};
	objectVersion = 77;
	objects = {

/* Begin PBXContainerItemProxy section */
		355228AF2D95BB100010D846 /* PBXContainerItemProxy */ = {
			isa = PBXContainerItemProxy;
			containerPortal = 355228902D95BB0E0010D846 /* Project object */;
			proxyType = 1;
			remoteGlobalIDString = 355228972D95BB0E0010D846;
			remoteInfo = "Quizzard-Storyboard";
		};
		355228B92D95BB100010D846 /* PBXContainerItemProxy */ = {
			isa = PBXContainerItemProxy;
			containerPortal = 355228902D95BB0E0010D846 /* Project object */;
			proxyType = 1;
			remoteGlobalIDString = 355228972D95BB0E0010D846;
			remoteInfo = "Quizzard-Storyboard";
		};
/* End PBXContainerItemProxy section */

/* Begin PBXFileReference section */
		355228982D95BB0E0010D846 /* Quizzard-Storyboard.app */ = {isa = PBXFileReference; explicitFileType = wrapper.application; includeInIndex = 0; path = "Quizzard-Storyboard.app"; sourceTree = BUILT_PRODUCTS_DIR; };
		355228AE2D95BB100010D846 /* Quizzard-StoryboardTests.xctest */ = {isa = PBXFileReference; explicitFileType = wrapper.cfbundle; includeInIndex = 0; path = "Quizzard-StoryboardTests.xctest"; sourceTree = BUILT_PRODUCTS_DIR; };
		355228B82D95BB100010D846 /* Quizzard-StoryboardUITests.xctest */ = {isa = PBXFileReference; explicitFileType = wrapper.cfbundle; includeInIndex = 0; path = "Quizzard-StoryboardUITests.xctest"; sourceTree = BUILT_PRODUCTS_DIR; };
/* End PBXFileReference section */

/* Begin PBXFileSystemSynchronizedBuildFileExceptionSet section */
		355228C02D95BB100010D846 /* Exceptions for "Quizzard-Storyboard" folder in "Quizzard-Storyboard" target */ = {
			isa = PBXFileSystemSynchronizedBuildFileExceptionSet;
			membershipExceptions = (
				Info.plist,
			);
			target = 355228972D95BB0E0010D846 /* Quizzard-Storyboard */;
		};
/* End PBXFileSystemSynchronizedBuildFileExceptionSet section */

/* Begin PBXFileSystemSynchronizedRootGroup section */
		3552289A2D95BB0E0010D846 /* Quizzard-Storyboard */ = {
			isa = PBXFileSystemSynchronizedRootGroup;
			exceptions = (
				355228C02D95BB100010D846 /* Exceptions for "Quizzard-Storyboard" folder in "Quizzard-Storyboard" target */,
			);
			path = "Quizzard-Storyboard";
			sourceTree = "<group>";
		};
		355228B12D95BB100010D846 /* Quizzard-StoryboardTests */ = {
			isa = PBXFileSystemSynchronizedRootGroup;
			path = "Quizzard-StoryboardTests";
			sourceTree = "<group>";
		};
		355228BB2D95BB100010D846 /* Quizzard-StoryboardUITests */ = {
			isa = PBXFileSystemSynchronizedRootGroup;
			path = "Quizzard-StoryboardUITests";
			sourceTree = "<group>";
		};
/* End PBXFileSystemSynchronizedRootGroup section */

/* Begin PBXFrameworksBuildPhase section */
		355228952D95BB0E0010D846 /* Frameworks */ = {
			isa = PBXFrameworksBuildPhase;
			buildActionMask = 2147483647;
			files = (
			);
			runOnlyForDeploymentPostprocessing = 0;
		};
		355228AB2D95BB100010D846 /* Frameworks */ = {
			isa = PBXFrameworksBuildPhase;
			buildActionMask = 2147483647;
			files = (
			);
			runOnlyForDeploymentPostprocessing = 0;
		};
		355228B52D95BB100010D846 /* Frameworks */ = {
			isa = PBXFrameworksBuildPhase;
			buildActionMask = 2147483647;
			files = (
			);
			runOnlyForDeploymentPostprocessing = 0;
		};
/* End PBXFrameworksBuildPhase section */

/* Begin PBXGroup section */
		3552288F2D95BB0E0010D846 = {
			isa = PBXGroup;
			children = (
				3552289A2D95BB0E0010D846 /* Quizzard-Storyboard */,
				355228B12D95BB100010D846 /* Quizzard-StoryboardTests */,
				355228BB2D95BB100010D846 /* Quizzard-StoryboardUITests */,
				355228992D95BB0E0010D846 /* Products */,
			);
			sourceTree = "<group>";
		};
		355228992D95BB0E0010D846 /* Products */ = {
			isa = PBXGroup;
			children = (
				355228982D95BB0E0010D846 /* Quizzard-Storyboard.app */,
				355228AE2D95BB100010D846 /* Quizzard-StoryboardTests.xctest */,
				355228B82D95BB100010D846 /* Quizzard-StoryboardUITests.xctest */,
			);
			name = Products;
			sourceTree = "<group>";
		};
/* End PBXGroup section */

/* Begin PBXNativeTarget section */
		355228972D95BB0E0010D846 /* Quizzard-Storyboard */ = {
			isa = PBXNativeTarget;
			buildConfigurationList = 355228C12D95BB100010D846 /* Build configuration list for PBXNativeTarget "Quizzard-Storyboard" */;
			buildPhases = (
				355228942D95BB0E0010D846 /* Sources */,
				355228952D95BB0E0010D846 /* Frameworks */,
				355228962D95BB0E0010D846 /* Resources */,
			);
			buildRules = (
			);
			dependencies = (
			);
			fileSystemSynchronizedGroups = (
				3552289A2D95BB0E0010D846 /* Quizzard-Storyboard */,
			);
			name = "Quizzard-Storyboard";
			packageProductDependencies = (
			);
			productName = "Quizzard-Storyboard";
			productReference = 355228982D95BB0E0010D846 /* Quizzard-Storyboard.app */;
			productType = "com.apple.product-type.application";
		};
		355228AD2D95BB100010D846 /* Quizzard-StoryboardTests */ = {
			isa = PBXNativeTarget;
			buildConfigurationList = 355228C62D95BB100010D846 /* Build configuration list for PBXNativeTarget "Quizzard-StoryboardTests" */;
			buildPhases = (
				355228AA2D95BB100010D846 /* Sources */,
				355228AB2D95BB100010D846 /* Frameworks */,
				355228AC2D95BB100010D846 /* Resources */,
			);
			buildRules = (
			);
			dependencies = (
				355228B02D95BB100010D846 /* PBXTargetDependency */,
			);
			fileSystemSynchronizedGroups = (
				355228B12D95BB100010D846 /* Quizzard-StoryboardTests */,
			);
			name = "Quizzard-StoryboardTests";
			packageProductDependencies = (
			);
			productName = "Quizzard-StoryboardTests";
			productReference = 355228AE2D95BB100010D846 /* Quizzard-StoryboardTests.xctest */;
			productType = "com.apple.product-type.bundle.unit-test";
		};
		355228B72D95BB100010D846 /* Quizzard-StoryboardUITests */ = {
			isa = PBXNativeTarget;
			buildConfigurationList = 355228C92D95BB100010D846 /* Build configuration list for PBXNativeTarget "Quizzard-StoryboardUITests" */;
			buildPhases = (
				355228B42D95BB100010D846 /* Sources */,
				355228B52D95BB100010D846 /* Frameworks */,
				355228B62D95BB100010D846 /* Resources */,
			);
			buildRules = (
			);
			dependencies = (
				355228BA2D95BB100010D846 /* PBXTargetDependency */,
			);
			fileSystemSynchronizedGroups = (
				355228BB2D95BB100010D846 /* Quizzard-StoryboardUITests */,
			);
			name = "Quizzard-StoryboardUITests";
			packageProductDependencies = (
			);
			productName = "Quizzard-StoryboardUITests";
			productReference = 355228B82D95BB100010D846 /* Quizzard-StoryboardUITests.xctest */;
			productType = "com.apple.product-type.bundle.ui-testing";
		};
/* End PBXNativeTarget section */

/* Begin PBXProject section */
		355228902D95BB0E0010D846 /* Project object */ = {
			isa = PBXProject;
			attributes = {
				BuildIndependentTargetsInParallel = 1;
				LastSwiftUpdateCheck = 1620;
				LastUpgradeCheck = 1620;
				ORGANIZATIONNAME = "";
				TargetAttributes = {
					355228972D95BB0E0010D846 = {
						CreatedOnToolsVersion = 16.2;
					};
					355228AD2D95BB100010D846 = {
						CreatedOnToolsVersion = 16.2;
						TestTargetID = 355228972D95BB0E0010D846;
					};
					355228B72D95BB100010D846 = {
						CreatedOnToolsVersion = 16.2;
						TestTargetID = 355228972D95BB0E0010D846;
					};
				};
			};
			buildConfigurationList = 355228932D95BB0E0010D846 /* Build configuration list for PBXProject "Quizzard-Storyboard" */;
			developmentRegion = en;
			hasScannedForEncodings = 0;
			knownRegions = (
				en,
				Base,
			);
			mainGroup = 3552288F2D95BB0E0010D846;
			minimizedProjectReferenceProxies = 1;
			preferredProjectObjectVersion = 77;
			productRefGroup = 355228992D95BB0E0010D846 /* Products */;
			projectDirPath = "";
			projectRoot = "";
			targets = (
				355228972D95BB0E0010D846 /* Quizzard-Storyboard */,
				355228AD2D95BB100010D846 /* Quizzard-StoryboardTests */,
				355228B72D95BB100010D846 /* Quizzard-StoryboardUITests */,
			);
		};
/* End PBXProject section */

/* Begin PBXResourcesBuildPhase section */
		355228962D95BB0E0010D846 /* Resources */ = {
			isa = PBXResourcesBuildPhase;
			buildActionMask = 2147483647;
			files = (
			);
			runOnlyForDeploymentPostprocessing = 0;
		};
		355228AC2D95BB100010D846 /* Resources */ = {
			isa = PBXResourcesBuildPhase;
			buildActionMask = 2147483647;
			files = (
			);
			runOnlyForDeploymentPostprocessing = 0;
		};
		355228B62D95BB100010D846 /* Resources */ = {
			isa = PBXResourcesBuildPhase;
			buildActionMask = 2147483647;
			files = (
			);
			runOnlyForDeploymentPostprocessing = 0;
		};
/* End PBXResourcesBuildPhase section */

/* Begin PBXSourcesBuildPhase section */
		355228942D95BB0E0010D846 /* Sources */ = {
			isa = PBXSourcesBuildPhase;
			buildActionMask = 2147483647;
			files = (
			);
			runOnlyForDeploymentPostprocessing = 0;
		};
		355228AA2D95BB100010D846 /* Sources */ = {
			isa = PBXSourcesBuildPhase;
			buildActionMask = 2147483647;
			files = (
			);
			runOnlyForDeploymentPostprocessing = 0;
		};
		355228B42D95BB100010D846 /* Sources */ = {
			isa = PBXSourcesBuildPhase;
			buildActionMask = 2147483647;
			files = (
			);
			runOnlyForDeploymentPostprocessing = 0;
		};
/* End PBXSourcesBuildPhase section */

/* Begin PBXTargetDependency section */
		355228B02D95BB100010D846 /* PBXTargetDependency */ = {
			isa = PBXTargetDependency;
			target = 355228972D95BB0E0010D846 /* Quizzard-Storyboard */;
			targetProxy = 355228AF2D95BB100010D846 /* PBXContainerItemProxy */;
		};
		355228BA2D95BB100010D846 /* PBXTargetDependency */ = {
			isa = PBXTargetDependency;
			target = 355228972D95BB0E0010D846 /* Quizzard-Storyboard */;
			targetProxy = 355228B92D95BB100010D846 /* PBXContainerItemProxy */;
		};
/* End PBXTargetDependency section */

/* Begin XCBuildConfiguration section */
		355228C22D95BB100010D846 /* Debug */ = {
			isa = XCBuildConfiguration;
			buildSettings = {
				ASSETCATALOG_COMPILER_APPICON_NAME = AppIcon;
				ASSETCATALOG_COMPILER_GLOBAL_ACCENT_COLOR_NAME = AccentColor;
				CODE_SIGN_STYLE = Automatic;
				CURRENT_PROJECT_VERSION = 1;
				DEVELOPMENT_TEAM = N79ZG6RW8C;
				GENERATE_INFOPLIST_FILE = YES;
				INFOPLIST_FILE = "Quizzard-Storyboard/Info.plist";
				INFOPLIST_KEY_CFBundleDisplayName = Quizzard;
				INFOPLIST_KEY_LSApplicationCategoryType = "public.app-category.trivia-games";
				INFOPLIST_KEY_UIApplicationSupportsIndirectInputEvents = YES;
				INFOPLIST_KEY_UILaunchStoryboardName = LaunchScreen;
				INFOPLIST_KEY_UIMainStoryboardFile = Main;
				INFOPLIST_KEY_UISupportedInterfaceOrientations = UIInterfaceOrientationPortrait;
				IPHONEOS_DEPLOYMENT_TARGET = 15.6;
				LD_RUNPATH_SEARCH_PATHS = (
					"$(inherited)",
					"@executable_path/Frameworks",
				);
				MARKETING_VERSION = 1.0;
				PRODUCT_BUNDLE_IDENTIFIER = "com.wixamscodingclub.Quizzard-Storyboard";
				PRODUCT_NAME = "$(TARGET_NAME)";
				SWIFT_EMIT_LOC_STRINGS = YES;
				SWIFT_VERSION = 5.0;
				TARGETED_DEVICE_FAMILY = "1,2";
			};
			name = Debug;
		};
		355228C32D95BB100010D846 /* Release */ = {
			isa = XCBuildConfiguration;
			buildSettings = {
				ASSETCATALOG_COMPILER_APPICON_NAME = AppIcon;
				ASSETCATALOG_COMPILER_GLOBAL_ACCENT_COLOR_NAME = AccentColor;
				CODE_SIGN_STYLE = Automatic;
				CURRENT_PROJECT_VERSION = 1;
				DEVELOPMENT_TEAM = N79ZG6RW8C;
				GENERATE_INFOPLIST_FILE = YES;
				INFOPLIST_FILE = "Quizzard-Storyboard/Info.plist";
				INFOPLIST_KEY_CFBundleDisplayName = Quizzard;
				INFOPLIST_KEY_LSApplicationCategoryType = "public.app-category.trivia-games";
				INFOPLIST_KEY_UIApplicationSupportsIndirectInputEvents = YES;
				INFOPLIST_KEY_UILaunchStoryboardName = LaunchScreen;
				INFOPLIST_KEY_UIMainStoryboardFile = Main;
				INFOPLIST_KEY_UISupportedInterfaceOrientations = UIInterfaceOrientationPortrait;
				IPHONEOS_DEPLOYMENT_TARGET = 15.6;
				LD_RUNPATH_SEARCH_PATHS = (
					"$(inherited)",
					"@executable_path/Frameworks",
				);
				MARKETING_VERSION = 1.0;
				PRODUCT_BUNDLE_IDENTIFIER = "com.wixamscodingclub.Quizzard-Storyboard";
				PRODUCT_NAME = "$(TARGET_NAME)";
				SWIFT_EMIT_LOC_STRINGS = YES;
				SWIFT_VERSION = 5.0;
				TARGETED_DEVICE_FAMILY = "1,2";
			};
			name = Release;
		};
		355228C42D95BB100010D846 /* Debug */ = {
			isa = XCBuildConfiguration;
			buildSettings = {
				ALWAYS_SEARCH_USER_PATHS = NO;
				ASSETCATALOG_COMPILER_GENERATE_SWIFT_ASSET_SYMBOL_EXTENSIONS = YES;
				CLANG_ANALYZER_NONNULL = YES;
				CLANG_ANALYZER_NUMBER_OBJECT_CONVERSION = YES_AGGRESSIVE;
				CLANG_CXX_LANGUAGE_STANDARD = "gnu++20";
				CLANG_ENABLE_MODULES = YES;
				CLANG_ENABLE_OBJC_ARC = YES;
				CLANG_ENABLE_OBJC_WEAK = YES;
				CLANG_WARN_BLOCK_CAPTURE_AUTORELEASING = YES;
				CLANG_WARN_BOOL_CONVERSION = YES;
				CLANG_WARN_COMMA = YES;
				CLANG_WARN_CONSTANT_CONVERSION = YES;
				CLANG_WARN_DEPRECATED_OBJC_IMPLEMENTATIONS = YES;
				CLANG_WARN_DIRECT_OBJC_ISA_USAGE = YES_ERROR;
				CLANG_WARN_DOCUMENTATION_COMMENTS = YES;
				CLANG_WARN_EMPTY_BODY = YES;
				CLANG_WARN_ENUM_CONVERSION = YES;
				CLANG_WARN_INFINITE_RECURSION = YES;
				CLANG_WARN_INT_CONVERSION = YES;
				CLANG_WARN_NON_LITERAL_NULL_CONVERSION = YES;
				CLANG_WARN_OBJC_IMPLICIT_RETAIN_SELF = YES;
				CLANG_WARN_OBJC_LITERAL_CONVERSION = YES;
				CLANG_WARN_OBJC_ROOT_CLASS = YES_ERROR;
				CLANG_WARN_QUOTED_INCLUDE_IN_FRAMEWORK_HEADER = YES;
				CLANG_WARN_RANGE_LOOP_ANALYSIS = YES;
				CLANG_WARN_STRICT_PROTOTYPES = YES;
				CLANG_WARN_SUSPICIOUS_MOVE = YES;
				CLANG_WARN_UNGUARDED_AVAILABILITY = YES_AGGRESSIVE;
				CLANG_WARN_UNREACHABLE_CODE = YES;
				CLANG_WARN__DUPLICATE_METHOD_MATCH = YES;
				COPY_PHASE_STRIP = NO;
				DEBUG_INFORMATION_FORMAT = dwarf;
				ENABLE_STRICT_OBJC_MSGSEND = YES;
				ENABLE_TESTABILITY = YES;
				ENABLE_USER_SCRIPT_SANDBOXING = YES;
				GCC_C_LANGUAGE_STANDARD = gnu17;
				GCC_DYNAMIC_NO_PIC = NO;
				GCC_NO_COMMON_BLOCKS = YES;
				GCC_OPTIMIZATION_LEVEL = 0;
				GCC_PREPROCESSOR_DEFINITIONS = (
					"DEBUG=1",
					"$(inherited)",
				);
				GCC_WARN_64_TO_32_BIT_CONVERSION = YES;
				GCC_WARN_ABOUT_RETURN_TYPE = YES_ERROR;
				GCC_WARN_UNDECLARED_SELECTOR = YES;
				GCC_WARN_UNINITIALIZED_AUTOS = YES_AGGRESSIVE;
				GCC_WARN_UNUSED_FUNCTION = YES;
				GCC_WARN_UNUSED_VARIABLE = YES;
				IPHONEOS_DEPLOYMENT_TARGET = 18.2;
				LOCALIZATION_PREFERS_STRING_CATALOGS = YES;
				MTL_ENABLE_DEBUG_INFO = INCLUDE_SOURCE;
				MTL_FAST_MATH = YES;
				ONLY_ACTIVE_ARCH = YES;
				SDKROOT = iphoneos;
				SWIFT_ACTIVE_COMPILATION_CONDITIONS = "DEBUG $(inherited)";
				SWIFT_OPTIMIZATION_LEVEL = "-Onone";
			};
			name = Debug;
		};
		355228C52D95BB100010D846 /* Release */ = {
			isa = XCBuildConfiguration;
			buildSettings = {
				ALWAYS_SEARCH_USER_PATHS = NO;
				ASSETCATALOG_COMPILER_GENERATE_SWIFT_ASSET_SYMBOL_EXTENSIONS = YES;
				CLANG_ANALYZER_NONNULL = YES;
				CLANG_ANALYZER_NUMBER_OBJECT_CONVERSION = YES_AGGRESSIVE;
				CLANG_CXX_LANGUAGE_STANDARD = "gnu++20";
				CLANG_ENABLE_MODULES = YES;
				CLANG_ENABLE_OBJC_ARC = YES;
				CLANG_ENABLE_OBJC_WEAK = YES;
				CLANG_WARN_BLOCK_CAPTURE_AUTORELEASING = YES;
				CLANG_WARN_BOOL_CONVERSION = YES;
				CLANG_WARN_COMMA = YES;
				CLANG_WARN_CONSTANT_CONVERSION = YES;
				CLANG_WARN_DEPRECATED_OBJC_IMPLEMENTATIONS = YES;
				CLANG_WARN_DIRECT_OBJC_ISA_USAGE = YES_ERROR;
				CLANG_WARN_DOCUMENTATION_COMMENTS = YES;
				CLANG_WARN_EMPTY_BODY = YES;
				CLANG_WARN_ENUM_CONVERSION = YES;
				CLANG_WARN_INFINITE_RECURSION = YES;
				CLANG_WARN_INT_CONVERSION = YES;
				CLANG_WARN_NON_LITERAL_NULL_CONVERSION = YES;
				CLANG_WARN_OBJC_IMPLICIT_RETAIN_SELF = YES;
				CLANG_WARN_OBJC_LITERAL_CONVERSION = YES;
				CLANG_WARN_OBJC_ROOT_CLASS = YES_ERROR;
				CLANG_WARN_QUOTED_INCLUDE_IN_FRAMEWORK_HEADER = YES;
				CLANG_WARN_RANGE_LOOP_ANALYSIS = YES;
				CLANG_WARN_STRICT_PROTOTYPES = YES;
				CLANG_WARN_SUSPICIOUS_MOVE = YES;
				CLANG_WARN_UNGUARDED_AVAILABILITY = YES_AGGRESSIVE;
				CLANG_WARN_UNREACHABLE_CODE = YES;
				CLANG_WARN__DUPLICATE_METHOD_MATCH = YES;
				COPY_PHASE_STRIP = NO;
				DEBUG_INFORMATION_FORMAT = "dwarf-with-dsym";
				ENABLE_NS_ASSERTIONS = NO;
				ENABLE_STRICT_OBJC_MSGSEND = YES;
				ENABLE_USER_SCRIPT_SANDBOXING = YES;
				GCC_C_LANGUAGE_STANDARD = gnu17;
				GCC_NO_COMMON_BLOCKS = YES;
				GCC_WARN_64_TO_32_BIT_CONVERSION = YES;
				GCC_WARN_ABOUT_RETURN_TYPE = YES_ERROR;
				GCC_WARN_UNDECLARED_SELECTOR = YES;
				GCC_WARN_UNINITIALIZED_AUTOS = YES_AGGRESSIVE;
				GCC_WARN_UNUSED_FUNCTION = YES;
				GCC_WARN_UNUSED_VARIABLE = YES;
				IPHONEOS_DEPLOYMENT_TARGET = 18.2;
				LOCALIZATION_PREFERS_STRING_CATALOGS = YES;
				MTL_ENABLE_DEBUG_INFO = NO;
				MTL_FAST_MATH = YES;
				SDKROOT = iphoneos;
				SWIFT_COMPILATION_MODE = wholemodule;
				VALIDATE_PRODUCT = YES;
			};
			name = Release;
		};
		355228C72D95BB100010D846 /* Debug */ = {
			isa = XCBuildConfiguration;
			buildSettings = {
				BUNDLE_LOADER = "$(TEST_HOST)";
				CODE_SIGN_STYLE = Automatic;
				CURRENT_PROJECT_VERSION = 1;
				DEVELOPMENT_TEAM = N79ZG6RW8C;
				GENERATE_INFOPLIST_FILE = YES;
				IPHONEOS_DEPLOYMENT_TARGET = 18.2;
				MARKETING_VERSION = 1.0;
				PRODUCT_BUNDLE_IDENTIFIER = "com.blackstar.Quizzard-StoryboardTests";
				PRODUCT_NAME = "$(TARGET_NAME)";
				SWIFT_EMIT_LOC_STRINGS = NO;
				SWIFT_VERSION = 5.0;
				TARGETED_DEVICE_FAMILY = "1,2";
				TEST_HOST = "$(BUILT_PRODUCTS_DIR)/Quizzard-Storyboard.app/$(BUNDLE_EXECUTABLE_FOLDER_PATH)/Quizzard-Storyboard";
			};
			name = Debug;
		};
		355228C82D95BB100010D846 /* Release */ = {
			isa = XCBuildConfiguration;
			buildSettings = {
				BUNDLE_LOADER = "$(TEST_HOST)";
				CODE_SIGN_STYLE = Automatic;
				CURRENT_PROJECT_VERSION = 1;
				DEVELOPMENT_TEAM = N79ZG6RW8C;
				GENERATE_INFOPLIST_FILE = YES;
				IPHONEOS_DEPLOYMENT_TARGET = 18.2;
				MARKETING_VERSION = 1.0;
				PRODUCT_BUNDLE_IDENTIFIER = "com.blackstar.Quizzard-StoryboardTests";
				PRODUCT_NAME = "$(TARGET_NAME)";
				SWIFT_EMIT_LOC_STRINGS = NO;
				SWIFT_VERSION = 5.0;
				TARGETED_DEVICE_FAMILY = "1,2";
				TEST_HOST = "$(BUILT_PRODUCTS_DIR)/Quizzard-Storyboard.app/$(BUNDLE_EXECUTABLE_FOLDER_PATH)/Quizzard-Storyboard";
			};
			name = Release;
		};
		355228CA2D95BB100010D846 /* Debug */ = {
			isa = XCBuildConfiguration;
			buildSettings = {
				CODE_SIGN_STYLE = Automatic;
				CURRENT_PROJECT_VERSION = 1;
				DEVELOPMENT_TEAM = N79ZG6RW8C;
				GENERATE_INFOPLIST_FILE = YES;
				MARKETING_VERSION = 1.0;
				PRODUCT_BUNDLE_IDENTIFIER = "com.blackstar.Quizzard-StoryboardUITests";
				PRODUCT_NAME = "$(TARGET_NAME)";
				SWIFT_EMIT_LOC_STRINGS = NO;
				SWIFT_VERSION = 5.0;
				TARGETED_DEVICE_FAMILY = "1,2";
				TEST_TARGET_NAME = "Quizzard-Storyboard";
			};
			name = Debug;
		};
		355228CB2D95BB100010D846 /* Release */ = {
			isa = XCBuildConfiguration;
			buildSettings = {
				CODE_SIGN_STYLE = Automatic;
				CURRENT_PROJECT_VERSION = 1;
				DEVELOPMENT_TEAM = N79ZG6RW8C;
				GENERATE_INFOPLIST_FILE = YES;
				MARKETING_VERSION = 1.0;
				PRODUCT_BUNDLE_IDENTIFIER = "com.blackstar.Quizzard-StoryboardUITests";
				PRODUCT_NAME = "$(TARGET_NAME)";
				SWIFT_EMIT_LOC_STRINGS = NO;
				SWIFT_VERSION = 5.0;
				TARGETED_DEVICE_FAMILY = "1,2";
				TEST_TARGET_NAME = "Quizzard-Storyboard";
			};
			name = Release;
		};
/* End XCBuildConfiguration section */

/* Begin XCConfigurationList section */
		355228932D95BB0E0010D846 /* Build configuration list for PBXProject "Quizzard-Storyboard" */ = {
			isa = XCConfigurationList;
			buildConfigurations = (
				355228C42D95BB100010D846 /* Debug */,
				355228C52D95BB100010D846 /* Release */,
			);
			defaultConfigurationIsVisible = 0;
			defaultConfigurationName = Release;
		};
		355228C12D95BB100010D846 /* Build configuration list for PBXNativeTarget "Quizzard-Storyboard" */ = {
			isa = XCConfigurationList;
			buildConfigurations = (
				355228C22D95BB100010D846 /* Debug */,
				355228C32D95BB100010D846 /* Release */,
			);
			defaultConfigurationIsVisible = 0;
			defaultConfigurationName = Release;
		};
		355228C62D95BB100010D846 /* Build configuration list for PBXNativeTarget "Quizzard-StoryboardTests" */ = {
			isa = XCConfigurationList;
			buildConfigurations = (
				355228C72D95BB100010D846 /* Debug */,
				355228C82D95BB100010D846 /* Release */,
			);
			defaultConfigurationIsVisible = 0;
			defaultConfigurationName = Release;
		};
		355228C92D95BB100010D846 /* Build configuration list for PBXNativeTarget "Quizzard-StoryboardUITests" */ = {
			isa = XCConfigurationList;
			buildConfigurations = (
				355228CA2D95BB100010D846 /* Debug */,
				355228CB2D95BB100010D846 /* Release */,
			);
			defaultConfigurationIsVisible = 0;
			defaultConfigurationName = Release;
		};
/* End XCConfigurationList section */
	};
	rootObject = 355228902D95BB0E0010D846 /* Project object */;
}
